// !$*UTF8*$!
{
	archiveVersion = 1;
	classes = {
	};
	objectVersion = 55;
	objects = {

/* Begin PBXBuildFile section */
		2D3BD61D28AD9F3B0023107B /* AppleFrameworksApp.swift in Sources */ = {isa = PBXBuildFile; fileRef = 2D3BD61C28AD9F3B0023107B /* AppleFrameworksApp.swift */; };
		2D3BD61F28AD9F3B0023107B /* FrameworkGridView.swift in Sources */ = {isa = PBXBuildFile; fileRef = 2D3BD61E28AD9F3B0023107B /* FrameworkGridView.swift */; };
		2D3BD62128AD9F3F0023107B /* Assets.xcassets in Resources */ = {isa = PBXBuildFile; fileRef = 2D3BD62028AD9F3F0023107B /* Assets.xcassets */; };
		2D3BD62428AD9F3F0023107B /* Preview Assets.xcassets in Resources */ = {isa = PBXBuildFile; fileRef = 2D3BD62328AD9F3F0023107B /* Preview Assets.xcassets */; };
		2D3BD62B28ADA0450023107B /* Framework.swift in Sources */ = {isa = PBXBuildFile; fileRef = 2D3BD62A28ADA0450023107B /* Framework.swift */; };
		2D413E7F28ADCF4500F24094 /* FrameworkDetailGridView.swift in Sources */ = {isa = PBXBuildFile; fileRef = 2D413E7E28ADCF4500F24094 /* FrameworkDetailGridView.swift */; };
		2D413E8328AE06FD00F24094 /* FrameworkGridViewModel.swift in Sources */ = {isa = PBXBuildFile; fileRef = 2D413E8228AE06FD00F24094 /* FrameworkGridViewModel.swift */; };
		2D6E458028AF360C008DDBD8 /* FrameworkTitleView.swift in Sources */ = {isa = PBXBuildFile; fileRef = 2D6E457F28AF360C008DDBD8 /* FrameworkTitleView.swift */; };
		2D6E458228AF3713008DDBD8 /* XDismissButton.swift in Sources */ = {isa = PBXBuildFile; fileRef = 2D6E458128AF3713008DDBD8 /* XDismissButton.swift */; };
		2D6E458C28AF43E2008DDBD8 /* FrameworkTitleListView.swift in Sources */ = {isa = PBXBuildFile; fileRef = 2D6E458B28AF43E2008DDBD8 /* FrameworkTitleListView.swift */; };
		2D6E458F28AF4496008DDBD8 /* FrameworkListView.swift in Sources */ = {isa = PBXBuildFile; fileRef = 2D6E458E28AF4496008DDBD8 /* FrameworkListView.swift */; };
		2D6E459128AF4950008DDBD8 /* FrameworkDetailListView.swift in Sources */ = {isa = PBXBuildFile; fileRef = 2D6E459028AF4950008DDBD8 /* FrameworkDetailListView.swift */; };
		2D6E459428AF51CA008DDBD8 /* FrameworkHomeView.swift in Sources */ = {isa = PBXBuildFile; fileRef = 2D6E459328AF51CA008DDBD8 /* FrameworkHomeView.swift */; };
		2D9909DD28C283AA006A86A4 /* FrameworkDetailViewModel.swift in Sources */ = {isa = PBXBuildFile; fileRef = 2D9909DC28C283AA006A86A4 /* FrameworkDetailViewModel.swift */; };
		2D9909DF28C29B45006A86A4 /* CustomModifiers.swift in Sources */ = {isa = PBXBuildFile; fileRef = 2D9909DE28C29B45006A86A4 /* CustomModifiers.swift */; };
/* End PBXBuildFile section */

/* Begin PBXFileReference section */
		2D3BD61928AD9F3B0023107B /* AppleFrameworks.app */ = {isa = PBXFileReference; explicitFileType = wrapper.application; includeInIndex = 0; path = AppleFrameworks.app; sourceTree = BUILT_PRODUCTS_DIR; };
		2D3BD61C28AD9F3B0023107B /* AppleFrameworksApp.swift */ = {isa = PBXFileReference; lastKnownFileType = sourcecode.swift; path = AppleFrameworksApp.swift; sourceTree = "<group>"; };
		2D3BD61E28AD9F3B0023107B /* FrameworkGridView.swift */ = {isa = PBXFileReference; lastKnownFileType = sourcecode.swift; path = FrameworkGridView.swift; sourceTree = "<group>"; };
		2D3BD62028AD9F3F0023107B /* Assets.xcassets */ = {isa = PBXFileReference; lastKnownFileType = folder.assetcatalog; path = Assets.xcassets; sourceTree = "<group>"; };
		2D3BD62328AD9F3F0023107B /* Preview Assets.xcassets */ = {isa = PBXFileReference; lastKnownFileType = folder.assetcatalog; path = "Preview Assets.xcassets"; sourceTree = "<group>"; };
		2D3BD62A28ADA0450023107B /* Framework.swift */ = {isa = PBXFileReference; lastKnownFileType = sourcecode.swift; path = Framework.swift; sourceTree = "<group>"; };
		2D413E7E28ADCF4500F24094 /* FrameworkDetailGridView.swift */ = {isa = PBXFileReference; lastKnownFileType = sourcecode.swift; path = FrameworkDetailGridView.swift; sourceTree = "<group>"; };
		2D413E8228AE06FD00F24094 /* FrameworkGridViewModel.swift */ = {isa = PBXFileReference; lastKnownFileType = sourcecode.swift; path = FrameworkGridViewModel.swift; sourceTree = "<group>"; };
		2D6E457F28AF360C008DDBD8 /* FrameworkTitleView.swift */ = {isa = PBXFileReference; lastKnownFileType = sourcecode.swift; path = FrameworkTitleView.swift; sourceTree = "<group>"; };
		2D6E458128AF3713008DDBD8 /* XDismissButton.swift */ = {isa = PBXFileReference; lastKnownFileType = sourcecode.swift; path = XDismissButton.swift; sourceTree = "<group>"; };
		2D6E458B28AF43E2008DDBD8 /* FrameworkTitleListView.swift */ = {isa = PBXFileReference; lastKnownFileType = sourcecode.swift; path = FrameworkTitleListView.swift; sourceTree = "<group>"; };
		2D6E458E28AF4496008DDBD8 /* FrameworkListView.swift */ = {isa = PBXFileReference; lastKnownFileType = sourcecode.swift; path = FrameworkListView.swift; sourceTree = "<group>"; };
		2D6E459028AF4950008DDBD8 /* FrameworkDetailListView.swift */ = {isa = PBXFileReference; lastKnownFileType = sourcecode.swift; path = FrameworkDetailListView.swift; sourceTree = "<group>"; };
		2D6E459328AF51CA008DDBD8 /* FrameworkHomeView.swift */ = {isa = PBXFileReference; lastKnownFileType = sourcecode.swift; path = FrameworkHomeView.swift; sourceTree = "<group>"; };
		2D9909DC28C283AA006A86A4 /* FrameworkDetailViewModel.swift */ = {isa = PBXFileReference; lastKnownFileType = sourcecode.swift; path = FrameworkDetailViewModel.swift; sourceTree = "<group>"; };
		2D9909DE28C29B45006A86A4 /* CustomModifiers.swift */ = {isa = PBXFileReference; lastKnownFileType = sourcecode.swift; path = CustomModifiers.swift; sourceTree = "<group>"; };
/* End PBXFileReference section */

/* Begin PBXFrameworksBuildPhase section */
		2D3BD61628AD9F3B0023107B /* Frameworks */ = {
			isa = PBXFrameworksBuildPhase;
			buildActionMask = 2147483647;
			files = (
			);
			runOnlyForDeploymentPostprocessing = 0;
		};
/* End PBXFrameworksBuildPhase section */

/* Begin PBXGroup section */
		2D3BD61028AD9F3B0023107B = {
			isa = PBXGroup;
			children = (
				2D3BD61B28AD9F3B0023107B /* AppleFrameworks */,
				2D3BD61A28AD9F3B0023107B /* Products */,
			);
			sourceTree = "<group>";
		};
		2D3BD61A28AD9F3B0023107B /* Products */ = {
			isa = PBXGroup;
			children = (
				2D3BD61928AD9F3B0023107B /* AppleFrameworks.app */,
			);
			name = Products;
			sourceTree = "<group>";
		};
		2D3BD61B28AD9F3B0023107B /* AppleFrameworks */ = {
			isa = PBXGroup;
			children = (
				2D6E458728AF3E74008DDBD8 /* Views */,
				2D6E458628AF3E29008DDBD8 /* Model */,
				2D6E458328AF3C50008DDBD8 /* Screens */,
				2D3BD61C28AD9F3B0023107B /* AppleFrameworksApp.swift */,
				2D3BD62028AD9F3F0023107B /* Assets.xcassets */,
				2D3BD62228AD9F3F0023107B /* Preview Content */,
			);
			path = AppleFrameworks;
			sourceTree = "<group>";
		};
		2D3BD62228AD9F3F0023107B /* Preview Content */ = {
			isa = PBXGroup;
			children = (
				2D3BD62328AD9F3F0023107B /* Preview Assets.xcassets */,
			);
			path = "Preview Content";
			sourceTree = "<group>";
		};
		2D6E458328AF3C50008DDBD8 /* Screens */ = {
			isa = PBXGroup;
			children = (
				2D6E459228AF519E008DDBD8 /* FrameworkHomeView */,
				2D6E458D28AF4465008DDBD8 /* FrameworkListView */,
				2D6E458428AF3DAC008DDBD8 /* FrameworkGridView */,
				2D6E458528AF3DBB008DDBD8 /* FrameworkDetailView */,
			);
			path = Screens;
			sourceTree = "<group>";
		};
		2D6E458428AF3DAC008DDBD8 /* FrameworkGridView */ = {
			isa = PBXGroup;
			children = (
				2D413E8228AE06FD00F24094 /* FrameworkGridViewModel.swift */,
				2D3BD61E28AD9F3B0023107B /* FrameworkGridView.swift */,
			);
			path = FrameworkGridView;
			sourceTree = "<group>";
		};
		2D6E458528AF3DBB008DDBD8 /* FrameworkDetailView */ = {
			isa = PBXGroup;
			children = (
				2D9909DC28C283AA006A86A4 /* FrameworkDetailViewModel.swift */,
				2D413E7E28ADCF4500F24094 /* FrameworkDetailGridView.swift */,
				2D6E459028AF4950008DDBD8 /* FrameworkDetailListView.swift */,
			);
			path = FrameworkDetailView;
			sourceTree = "<group>";
		};
		2D6E458628AF3E29008DDBD8 /* Model */ = {
			isa = PBXGroup;
			children = (
				2D3BD62A28ADA0450023107B /* Framework.swift */,
			);
			path = Model;
			sourceTree = "<group>";
		};
		2D6E458728AF3E74008DDBD8 /* Views */ = {
			isa = PBXGroup;
			children = (
				2D6E458928AF3ECD008DDBD8 /* View */,
				2D6E458828AF3E85008DDBD8 /* Buttons */,
				2D9909DE28C29B45006A86A4 /* CustomModifiers.swift */,
			);
			path = Views;
			sourceTree = "<group>";
		};
		2D6E458828AF3E85008DDBD8 /* Buttons */ = {
			isa = PBXGroup;
			children = (
				2D6E458128AF3713008DDBD8 /* XDismissButton.swift */,
			);
			path = Buttons;
			sourceTree = "<group>";
		};
		2D6E458928AF3ECD008DDBD8 /* View */ = {
			isa = PBXGroup;
			children = (
				2D6E457F28AF360C008DDBD8 /* FrameworkTitleView.swift */,
				2D6E458B28AF43E2008DDBD8 /* FrameworkTitleListView.swift */,
			);
			path = View;
			sourceTree = "<group>";
		};
		2D6E458D28AF4465008DDBD8 /* FrameworkListView */ = {
			isa = PBXGroup;
			children = (
				2D6E458E28AF4496008DDBD8 /* FrameworkListView.swift */,
			);
			path = FrameworkListView;
			sourceTree = "<group>";
		};
		2D6E459228AF519E008DDBD8 /* FrameworkHomeView */ = {
			isa = PBXGroup;
			children = (
				2D6E459328AF51CA008DDBD8 /* FrameworkHomeView.swift */,
			);
			path = FrameworkHomeView;
			sourceTree = "<group>";
		};
/* End PBXGroup section */

/* Begin PBXNativeTarget section */
		2D3BD61828AD9F3B0023107B /* AppleFrameworks */ = {
			isa = PBXNativeTarget;
			buildConfigurationList = 2D3BD62728AD9F3F0023107B /* Build configuration list for PBXNativeTarget "AppleFrameworks" */;
			buildPhases = (
				2D3BD61528AD9F3B0023107B /* Sources */,
				2D3BD61628AD9F3B0023107B /* Frameworks */,
				2D3BD61728AD9F3B0023107B /* Resources */,
			);
			buildRules = (
			);
			dependencies = (
			);
			name = AppleFrameworks;
			productName = AppleFrameworks;
			productReference = 2D3BD61928AD9F3B0023107B /* AppleFrameworks.app */;
			productType = "com.apple.product-type.application";
		};
/* End PBXNativeTarget section */

/* Begin PBXProject section */
		2D3BD61128AD9F3B0023107B /* Project object */ = {
			isa = PBXProject;
			attributes = {
				BuildIndependentTargetsInParallel = 1;
				LastSwiftUpdateCheck = 1320;
				LastUpgradeCheck = 1320;
				TargetAttributes = {
					2D3BD61828AD9F3B0023107B = {
						CreatedOnToolsVersion = 13.2.1;
					};
				};
			};
			buildConfigurationList = 2D3BD61428AD9F3B0023107B /* Build configuration list for PBXProject "AppleFrameworks" */;
			compatibilityVersion = "Xcode 13.0";
			developmentRegion = en;
			hasScannedForEncodings = 0;
			knownRegions = (
				en,
				Base,
			);
			mainGroup = 2D3BD61028AD9F3B0023107B;
			productRefGroup = 2D3BD61A28AD9F3B0023107B /* Products */;
			projectDirPath = "";
			projectRoot = "";
			targets = (
				2D3BD61828AD9F3B0023107B /* AppleFrameworks */,
			);
		};
/* End PBXProject section */

/* Begin PBXResourcesBuildPhase section */
		2D3BD61728AD9F3B0023107B /* Resources */ = {
			isa = PBXResourcesBuildPhase;
			buildActionMask = 2147483647;
			files = (
				2D3BD62428AD9F3F0023107B /* Preview Assets.xcassets in Resources */,
				2D3BD62128AD9F3F0023107B /* Assets.xcassets in Resources */,
			);
			runOnlyForDeploymentPostprocessing = 0;
		};
/* End PBXResourcesBuildPhase section */

/* Begin PBXSourcesBuildPhase section */
		2D3BD61528AD9F3B0023107B /* Sources */ = {
			isa = PBXSourcesBuildPhase;
			buildActionMask = 2147483647;
			files = (
				2D413E7F28ADCF4500F24094 /* FrameworkDetailGridView.swift in Sources */,
				2D6E458F28AF4496008DDBD8 /* FrameworkListView.swift in Sources */,
				2D3BD61F28AD9F3B0023107B /* FrameworkGridView.swift in Sources */,
				2D6E458228AF3713008DDBD8 /* XDismissButton.swift in Sources */,
				2D9909DD28C283AA006A86A4 /* FrameworkDetailViewModel.swift in Sources */,
				2D9909DF28C29B45006A86A4 /* CustomModifiers.swift in Sources */,
				2D3BD62B28ADA0450023107B /* Framework.swift in Sources */,
				2D3BD61D28AD9F3B0023107B /* AppleFrameworksApp.swift in Sources */,
				2D6E459428AF51CA008DDBD8 /* FrameworkHomeView.swift in Sources */,
				2D6E458C28AF43E2008DDBD8 /* FrameworkTitleListView.swift in Sources */,
				2D6E459128AF4950008DDBD8 /* FrameworkDetailListView.swift in Sources */,
				2D413E8328AE06FD00F24094 /* FrameworkGridViewModel.swift in Sources */,
				2D6E458028AF360C008DDBD8 /* FrameworkTitleView.swift in Sources */,
			);
			runOnlyForDeploymentPostprocessing = 0;
		};
/* End PBXSourcesBuildPhase section */

/* Begin XCBuildConfiguration section */
		2D3BD62528AD9F3F0023107B /* Debug */ = {
			isa = XCBuildConfiguration;
			buildSettings = {
				ALWAYS_SEARCH_USER_PATHS = NO;
				CLANG_ANALYZER_NONNULL = YES;
				CLANG_ANALYZER_NUMBER_OBJECT_CONVERSION = YES_AGGRESSIVE;
				CLANG_CXX_LANGUAGE_STANDARD = "gnu++17";
				CLANG_CXX_LIBRARY = "libc++";
				CLANG_ENABLE_MODULES = YES;
				CLANG_ENABLE_OBJC_ARC = YES;
				CLANG_ENABLE_OBJC_WEAK = YES;
				CLANG_WARN_BLOCK_CAPTURE_AUTORELEASING = YES;
				CLANG_WARN_BOOL_CONVERSION = YES;
				CLANG_WARN_COMMA = YES;
				CLANG_WARN_CONSTANT_CONVERSION = YES;
				CLANG_WARN_DEPRECATED_OBJC_IMPLEMENTATIONS = YES;
				CLANG_WARN_DIRECT_OBJC_ISA_USAGE = YES_ERROR;
				CLANG_WARN_DOCUMENTATION_COMMENTS = YES;
				CLANG_WARN_EMPTY_BODY = YES;
				CLANG_WARN_ENUM_CONVERSION = YES;
				CLANG_WARN_INFINITE_RECURSION = YES;
				CLANG_WARN_INT_CONVERSION = YES;
				CLANG_WARN_NON_LITERAL_NULL_CONVERSION = YES;
				CLANG_WARN_OBJC_IMPLICIT_RETAIN_SELF = YES;
				CLANG_WARN_OBJC_LITERAL_CONVERSION = YES;
				CLANG_WARN_OBJC_ROOT_CLASS = YES_ERROR;
				CLANG_WARN_QUOTED_INCLUDE_IN_FRAMEWORK_HEADER = YES;
				CLANG_WARN_RANGE_LOOP_ANALYSIS = YES;
				CLANG_WARN_STRICT_PROTOTYPES = YES;
				CLANG_WARN_SUSPICIOUS_MOVE = YES;
				CLANG_WARN_UNGUARDED_AVAILABILITY = YES_AGGRESSIVE;
				CLANG_WARN_UNREACHABLE_CODE = YES;
				CLANG_WARN__DUPLICATE_METHOD_MATCH = YES;
				COPY_PHASE_STRIP = NO;
				DEBUG_INFORMATION_FORMAT = dwarf;
				ENABLE_STRICT_OBJC_MSGSEND = YES;
				ENABLE_TESTABILITY = YES;
				GCC_C_LANGUAGE_STANDARD = gnu11;
				GCC_DYNAMIC_NO_PIC = NO;
				GCC_NO_COMMON_BLOCKS = YES;
				GCC_OPTIMIZATION_LEVEL = 0;
				GCC_PREPROCESSOR_DEFINITIONS = (
					"DEBUG=1",
					"$(inherited)",
				);
				GCC_WARN_64_TO_32_BIT_CONVERSION = YES;
				GCC_WARN_ABOUT_RETURN_TYPE = YES_ERROR;
				GCC_WARN_UNDECLARED_SELECTOR = YES;
				GCC_WARN_UNINITIALIZED_AUTOS = YES_AGGRESSIVE;
				GCC_WARN_UNUSED_FUNCTION = YES;
				GCC_WARN_UNUSED_VARIABLE = YES;
				IPHONEOS_DEPLOYMENT_TARGET = 15.2;
				MTL_ENABLE_DEBUG_INFO = INCLUDE_SOURCE;
				MTL_FAST_MATH = YES;
				ONLY_ACTIVE_ARCH = YES;
				SDKROOT = iphoneos;
				SWIFT_ACTIVE_COMPILATION_CONDITIONS = DEBUG;
				SWIFT_OPTIMIZATION_LEVEL = "-Onone";
			};
			name = Debug;
		};
		2D3BD62628AD9F3F0023107B /* Release */ = {
			isa = XCBuildConfiguration;
			buildSettings = {
				ALWAYS_SEARCH_USER_PATHS = NO;
				CLANG_ANALYZER_NONNULL = YES;
				CLANG_ANALYZER_NUMBER_OBJECT_CONVERSION = YES_AGGRESSIVE;
				CLANG_CXX_LANGUAGE_STANDARD = "gnu++17";
				CLANG_CXX_LIBRARY = "libc++";
				CLANG_ENABLE_MODULES = YES;
				CLANG_ENABLE_OBJC_ARC = YES;
				CLANG_ENABLE_OBJC_WEAK = YES;
				CLANG_WARN_BLOCK_CAPTURE_AUTORELEASING = YES;
				CLANG_WARN_BOOL_CONVERSION = YES;
				CLANG_WARN_COMMA = YES;
				CLANG_WARN_CONSTANT_CONVERSION = YES;
				CLANG_WARN_DEPRECATED_OBJC_IMPLEMENTATIONS = YES;
				CLANG_WARN_DIRECT_OBJC_ISA_USAGE = YES_ERROR;
				CLANG_WARN_DOCUMENTATION_COMMENTS = YES;
				CLANG_WARN_EMPTY_BODY = YES;
				CLANG_WARN_ENUM_CONVERSION = YES;
				CLANG_WARN_INFINITE_RECURSION = YES;
				CLANG_WARN_INT_CONVERSION = YES;
				CLANG_WARN_NON_LITERAL_NULL_CONVERSION = YES;
				CLANG_WARN_OBJC_IMPLICIT_RETAIN_SELF = YES;
				CLANG_WARN_OBJC_LITERAL_CONVERSION = YES;
				CLANG_WARN_OBJC_ROOT_CLASS = YES_ERROR;
				CLANG_WARN_QUOTED_INCLUDE_IN_FRAMEWORK_HEADER = YES;
				CLANG_WARN_RANGE_LOOP_ANALYSIS = YES;
				CLANG_WARN_STRICT_PROTOTYPES = YES;
				CLANG_WARN_SUSPICIOUS_MOVE = YES;
				CLANG_WARN_UNGUARDED_AVAILABILITY = YES_AGGRESSIVE;
				CLANG_WARN_UNREACHABLE_CODE = YES;
				CLANG_WARN__DUPLICATE_METHOD_MATCH = YES;
				COPY_PHASE_STRIP = NO;
				DEBUG_INFORMATION_FORMAT = "dwarf-with-dsym";
				ENABLE_NS_ASSERTIONS = NO;
				ENABLE_STRICT_OBJC_MSGSEND = YES;
				GCC_C_LANGUAGE_STANDARD = gnu11;
				GCC_NO_COMMON_BLOCKS = YES;
				GCC_WARN_64_TO_32_BIT_CONVERSION = YES;
				GCC_WARN_ABOUT_RETURN_TYPE = YES_ERROR;
				GCC_WARN_UNDECLARED_SELECTOR = YES;
				GCC_WARN_UNINITIALIZED_AUTOS = YES_AGGRESSIVE;
				GCC_WARN_UNUSED_FUNCTION = YES;
				GCC_WARN_UNUSED_VARIABLE = YES;
				IPHONEOS_DEPLOYMENT_TARGET = 15.2;
				MTL_ENABLE_DEBUG_INFO = NO;
				MTL_FAST_MATH = YES;
				SDKROOT = iphoneos;
				SWIFT_COMPILATION_MODE = wholemodule;
				SWIFT_OPTIMIZATION_LEVEL = "-O";
				VALIDATE_PRODUCT = YES;
			};
			name = Release;
		};
		2D3BD62828AD9F3F0023107B /* Debug */ = {
			isa = XCBuildConfiguration;
			buildSettings = {
				ASSETCATALOG_COMPILER_APPICON_NAME = AppIcon;
				ASSETCATALOG_COMPILER_GLOBAL_ACCENT_COLOR_NAME = AccentColor;
				CODE_SIGN_STYLE = Automatic;
				CURRENT_PROJECT_VERSION = 1;
				DEVELOPMENT_ASSET_PATHS = "\"AppleFrameworks/Preview Content\"";
				DEVELOPMENT_TEAM = LZXRVU7TPL;
				ENABLE_PREVIEWS = YES;
				GENERATE_INFOPLIST_FILE = YES;
				INFOPLIST_KEY_UIApplicationSceneManifest_Generation = YES;
				INFOPLIST_KEY_UIApplicationSupportsIndirectInputEvents = YES;
				INFOPLIST_KEY_UILaunchScreen_Generation = YES;
				INFOPLIST_KEY_UISupportedInterfaceOrientations = "UIInterfaceOrientationPortrait UIInterfaceOrientationLandscapeLeft UIInterfaceOrientationLandscapeRight";
				INFOPLIST_KEY_UISupportedInterfaceOrientations_iPad = "UIInterfaceOrientationPortrait UIInterfaceOrientationPortraitUpsideDown UIInterfaceOrientationLandscapeLeft UIInterfaceOrientationLandscapeRight";
				INFOPLIST_KEY_UISupportedInterfaceOrientations_iPhone = "UIInterfaceOrientationPortrait UIInterfaceOrientationLandscapeLeft UIInterfaceOrientationLandscapeRight";
				LD_RUNPATH_SEARCH_PATHS = (
					"$(inherited)",
					"@executable_path/Frameworks",
				);
				MARKETING_VERSION = 1.0;
				PRODUCT_BUNDLE_IDENTIFIER = dev.approastery.AppleFrameworks;
				PRODUCT_NAME = "$(TARGET_NAME)";
				SWIFT_EMIT_LOC_STRINGS = YES;
				SWIFT_VERSION = 5.0;
				TARGETED_DEVICE_FAMILY = "1,2";
			};
			name = Debug;
		};
		2D3BD62928AD9F3F0023107B /* Release */ = {
			isa = XCBuildConfiguration;
			buildSettings = {
				ASSETCATALOG_COMPILER_APPICON_NAME = AppIcon;
				ASSETCATALOG_COMPILER_GLOBAL_ACCENT_COLOR_NAME = AccentColor;
				CODE_SIGN_STYLE = Automatic;
				CURRENT_PROJECT_VERSION = 1;
				DEVELOPMENT_ASSET_PATHS = "\"AppleFrameworks/Preview Content\"";
				DEVELOPMENT_TEAM = LZXRVU7TPL;
				ENABLE_PREVIEWS = YES;
				GENERATE_INFOPLIST_FILE = YES;
				INFOPLIST_KEY_UIApplicationSceneManifest_Generation = YES;
				INFOPLIST_KEY_UIApplicationSupportsIndirectInputEvents = YES;
				INFOPLIST_KEY_UILaunchScreen_Generation = YES;
				INFOPLIST_KEY_UISupportedInterfaceOrientations = "UIInterfaceOrientationPortrait UIInterfaceOrientationLandscapeLeft UIInterfaceOrientationLandscapeRight";
				INFOPLIST_KEY_UISupportedInterfaceOrientations_iPad = "UIInterfaceOrientationPortrait UIInterfaceOrientationPortraitUpsideDown UIInterfaceOrientationLandscapeLeft UIInterfaceOrientationLandscapeRight";
				INFOPLIST_KEY_UISupportedInterfaceOrientations_iPhone = "UIInterfaceOrientationPortrait UIInterfaceOrientationLandscapeLeft UIInterfaceOrientationLandscapeRight";
				LD_RUNPATH_SEARCH_PATHS = (
					"$(inherited)",
					"@executable_path/Frameworks",
				);
				MARKETING_VERSION = 1.0;
				PRODUCT_BUNDLE_IDENTIFIER = dev.approastery.AppleFrameworks;
				PRODUCT_NAME = "$(TARGET_NAME)";
				SWIFT_EMIT_LOC_STRINGS = YES;
				SWIFT_VERSION = 5.0;
				TARGETED_DEVICE_FAMILY = "1,2";
			};
			name = Release;
		};
/* End XCBuildConfiguration section */

/* Begin XCConfigurationList section */
		2D3BD61428AD9F3B0023107B /* Build configuration list for PBXProject "AppleFrameworks" */ = {
			isa = XCConfigurationList;
			buildConfigurations = (
				2D3BD62528AD9F3F0023107B /* Debug */,
				2D3BD62628AD9F3F0023107B /* Release */,
			);
			defaultConfigurationIsVisible = 0;
			defaultConfigurationName = Release;
		};
		2D3BD62728AD9F3F0023107B /* Build configuration list for PBXNativeTarget "AppleFrameworks" */ = {
			isa = XCConfigurationList;
			buildConfigurations = (
				2D3BD62828AD9F3F0023107B /* Debug */,
				2D3BD62928AD9F3F0023107B /* Release */,
			);
			defaultConfigurationIsVisible = 0;
			defaultConfigurationName = Release;
		};
/* End XCConfigurationList section */
	};
	rootObject = 2D3BD61128AD9F3B0023107B /* Project object */;
}
